
Microsoft Visual Studio Solution File, Format Version 12.00
# Visual Studio 15
VisualStudioVersion = 15.0.28307.136
MinimumVisualStudioVersion = 10.0.40219.1
Project("{9A19103F-16F7-4668-BE54-9A1E7A4F7556}") = "Com.MarcusTS.SmartDI", "Com.MarcusTS.SmartDI.csproj", "{A91B975F-0E1E-4C44-AB08-77C2DB0CFD8C}"
EndProject
Project("{9A19103F-16F7-4668-BE54-9A1E7A4F7556}") = "Com.MarcusTS.SmartDI.MSTests", "..\SmartDI.MSTests\Com.MarcusTS.SmartDI.MSTests\Com.MarcusTS.SmartDI.MSTests.csproj", "{F0DB1C3C-0D16-4C4D-9FCE-DAEAFFAEF022}"
EndProject
Project("{FAE04EC0-301F-11D3-BF4B-00C04F79EFBC}") = "Com.MarcusTS.SmartDi.LifecycleAware.SampleApp.Android", "..\SmartDI.LifecycleAware.SampleApp\SampleApp\SampleApp.Android\Com.MarcusTS.SmartDi.LifecycleAware.SampleApp.Android.csproj", "{7E9E9B8A-7C2A-4464-B0ED-3FF1A694185C}"
EndProject
Project("{FAE04EC0-301F-11D3-BF4B-00C04F79EFBC}") = "Com.MarcusTS.SmartDi.LifecycleAware.SampleApp.iOS", "..\SmartDI.LifecycleAware.SampleApp\SampleApp\SampleApp.iOS\Com.MarcusTS.SmartDi.LifecycleAware.SampleApp.iOS.csproj", "{BA0EC609-95DD-4E1A-8AF8-F68DFD2BC8FD}"
EndProject
Project("{9A19103F-16F7-4668-BE54-9A1E7A4F7556}") = "Com.MarcusTS.SmartDi.LifecycleAware.SampleApp", "..\SmartDI.LifecycleAware.SampleApp\SampleApp\SampleApp\Com.MarcusTS.SmartDi.LifecycleAware.SampleApp.csproj", "{4A187DB5-5F93-4630-AD17-4CCBF86E1D81}"
EndProject
Project("{9A19103F-16F7-4668-BE54-9A1E7A4F7556}") = "Com.MarcusTS.SmartDI.LifecycleAware", "..\SmartDI.LifecycleAware\Com.MarcusTS.SmartDI.LifecycleAware.csproj", "{34A1BC50-F946-4DDC-83B9-83FA77647354}"
EndProject
Project("{9A19103F-16F7-4668-BE54-9A1E7A4F7556}") = "Com.MarcusTS.SmartDI.LifecycleAware.MSTests", "..\SmartDI.LifecycleAware.MSTests\Com.MarcusTS.SmartDI.LifecycleAware.MSTests.csproj", "{335EE604-339D-4B0B-9BDA-E1032DD8EB70}"
EndProject
Global
	GlobalSection(SolutionConfigurationPlatforms) = preSolution
		Ad-Hoc|Any CPU = Ad-Hoc|Any CPU
		Ad-Hoc|iPhone = Ad-Hoc|iPhone
		Ad-Hoc|iPhoneSimulator = Ad-Hoc|iPhoneSimulator
		AppStore|Any CPU = AppStore|Any CPU
		AppStore|iPhone = AppStore|iPhone
		AppStore|iPhoneSimulator = AppStore|iPhoneSimulator
		Debug|Any CPU = Debug|Any CPU
		Debug|iPhone = Debug|iPhone
		Debug|iPhoneSimulator = Debug|iPhoneSimulator
		Release|Any CPU = Release|Any CPU
		Release|iPhone = Release|iPhone
		Release|iPhoneSimulator = Release|iPhoneSimulator
	EndGlobalSection
	GlobalSection(ProjectConfigurationPlatforms) = postSolution
		{A91B975F-0E1E-4C44-AB08-77C2DB0CFD8C}.Ad-Hoc|Any CPU.ActiveCfg = Release|Any CPU
		{A91B975F-0E1E-4C44-AB08-77C2DB0CFD8C}.Ad-Hoc|Any CPU.Build.0 = Release|Any CPU
		{A91B975F-0E1E-4C44-AB08-77C2DB0CFD8C}.Ad-Hoc|iPhone.ActiveCfg = Release|Any CPU
		{A91B975F-0E1E-4C44-AB08-77C2DB0CFD8C}.Ad-Hoc|iPhone.Build.0 = Release|Any CPU
		{A91B975F-0E1E-4C44-AB08-77C2DB0CFD8C}.Ad-Hoc|iPhoneSimulator.ActiveCfg = Release|Any CPU
		{A91B975F-0E1E-4C44-AB08-77C2DB0CFD8C}.Ad-Hoc|iPhoneSimulator.Build.0 = Release|Any CPU
		{A91B975F-0E1E-4C44-AB08-77C2DB0CFD8C}.AppStore|Any CPU.ActiveCfg = Release|Any CPU
		{A91B975F-0E1E-4C44-AB08-77C2DB0CFD8C}.AppStore|Any CPU.Build.0 = Release|Any CPU
		{A91B975F-0E1E-4C44-AB08-77C2DB0CFD8C}.AppStore|iPhone.ActiveCfg = Release|Any CPU
		{A91B975F-0E1E-4C44-AB08-77C2DB0CFD8C}.AppStore|iPhone.Build.0 = Release|Any CPU
		{A91B975F-0E1E-4C44-AB08-77C2DB0CFD8C}.AppStore|iPhoneSimulator.ActiveCfg = Release|Any CPU
		{A91B975F-0E1E-4C44-AB08-77C2DB0CFD8C}.AppStore|iPhoneSimulator.Build.0 = Release|Any CPU
		{A91B975F-0E1E-4C44-AB08-77C2DB0CFD8C}.Debug|Any CPU.ActiveCfg = Debug|Any CPU
		{A91B975F-0E1E-4C44-AB08-77C2DB0CFD8C}.Debug|Any CPU.Build.0 = Debug|Any CPU
		{A91B975F-0E1E-4C44-AB08-77C2DB0CFD8C}.Debug|iPhone.ActiveCfg = Debug|Any CPU
		{A91B975F-0E1E-4C44-AB08-77C2DB0CFD8C}.Debug|iPhone.Build.0 = Debug|Any CPU
		{A91B975F-0E1E-4C44-AB08-77C2DB0CFD8C}.Debug|iPhoneSimulator.ActiveCfg = Debug|Any CPU
		{A91B975F-0E1E-4C44-AB08-77C2DB0CFD8C}.Debug|iPhoneSimulator.Build.0 = Debug|Any CPU
		{A91B975F-0E1E-4C44-AB08-77C2DB0CFD8C}.Release|Any CPU.ActiveCfg = Release|Any CPU
		{A91B975F-0E1E-4C44-AB08-77C2DB0CFD8C}.Release|Any CPU.Build.0 = Release|Any CPU
		{A91B975F-0E1E-4C44-AB08-77C2DB0CFD8C}.Release|iPhone.ActiveCfg = Release|Any CPU
		{A91B975F-0E1E-4C44-AB08-77C2DB0CFD8C}.Release|iPhone.Build.0 = Release|Any CPU
		{A91B975F-0E1E-4C44-AB08-77C2DB0CFD8C}.Release|iPhoneSimulator.ActiveCfg = Release|Any CPU
		{A91B975F-0E1E-4C44-AB08-77C2DB0CFD8C}.Release|iPhoneSimulator.Build.0 = Release|Any CPU
		{F0DB1C3C-0D16-4C4D-9FCE-DAEAFFAEF022}.Ad-Hoc|Any CPU.ActiveCfg = Release|Any CPU
		{F0DB1C3C-0D16-4C4D-9FCE-DAEAFFAEF022}.Ad-Hoc|Any CPU.Build.0 = Release|Any CPU
		{F0DB1C3C-0D16-4C4D-9FCE-DAEAFFAEF022}.Ad-Hoc|iPhone.ActiveCfg = Release|Any CPU
		{F0DB1C3C-0D16-4C4D-9FCE-DAEAFFAEF022}.Ad-Hoc|iPhone.Build.0 = Release|Any CPU
		{F0DB1C3C-0D16-4C4D-9FCE-DAEAFFAEF022}.Ad-Hoc|iPhoneSimulator.ActiveCfg = Release|Any CPU
		{F0DB1C3C-0D16-4C4D-9FCE-DAEAFFAEF022}.Ad-Hoc|iPhoneSimulator.Build.0 = Release|Any CPU
		{F0DB1C3C-0D16-4C4D-9FCE-DAEAFFAEF022}.AppStore|Any CPU.ActiveCfg = Release|Any CPU
		{F0DB1C3C-0D16-4C4D-9FCE-DAEAFFAEF022}.AppStore|Any CPU.Build.0 = Release|Any CPU
		{F0DB1C3C-0D16-4C4D-9FCE-DAEAFFAEF022}.AppStore|iPhone.ActiveCfg = Release|Any CPU
		{F0DB1C3C-0D16-4C4D-9FCE-DAEAFFAEF022}.AppStore|iPhone.Build.0 = Release|Any CPU
		{F0DB1C3C-0D16-4C4D-9FCE-DAEAFFAEF022}.AppStore|iPhoneSimulator.ActiveCfg = Release|Any CPU
		{F0DB1C3C-0D16-4C4D-9FCE-DAEAFFAEF022}.AppStore|iPhoneSimulator.Build.0 = Release|Any CPU
		{F0DB1C3C-0D16-4C4D-9FCE-DAEAFFAEF022}.Debug|Any CPU.ActiveCfg = Debug|Any CPU
		{F0DB1C3C-0D16-4C4D-9FCE-DAEAFFAEF022}.Debug|Any CPU.Build.0 = Debug|Any CPU
		{F0DB1C3C-0D16-4C4D-9FCE-DAEAFFAEF022}.Debug|iPhone.ActiveCfg = Debug|Any CPU
		{F0DB1C3C-0D16-4C4D-9FCE-DAEAFFAEF022}.Debug|iPhone.Build.0 = Debug|Any CPU
		{F0DB1C3C-0D16-4C4D-9FCE-DAEAFFAEF022}.Debug|iPhoneSimulator.ActiveCfg = Debug|Any CPU
		{F0DB1C3C-0D16-4C4D-9FCE-DAEAFFAEF022}.Debug|iPhoneSimulator.Build.0 = Debug|Any CPU
		{F0DB1C3C-0D16-4C4D-9FCE-DAEAFFAEF022}.Release|Any CPU.ActiveCfg = Release|Any CPU
		{F0DB1C3C-0D16-4C4D-9FCE-DAEAFFAEF022}.Release|Any CPU.Build.0 = Release|Any CPU
		{F0DB1C3C-0D16-4C4D-9FCE-DAEAFFAEF022}.Release|iPhone.ActiveCfg = Release|Any CPU
		{F0DB1C3C-0D16-4C4D-9FCE-DAEAFFAEF022}.Release|iPhone.Build.0 = Release|Any CPU
		{F0DB1C3C-0D16-4C4D-9FCE-DAEAFFAEF022}.Release|iPhoneSimulator.ActiveCfg = Release|Any CPU
		{F0DB1C3C-0D16-4C4D-9FCE-DAEAFFAEF022}.Release|iPhoneSimulator.Build.0 = Release|Any CPU
		{7E9E9B8A-7C2A-4464-B0ED-3FF1A694185C}.Ad-Hoc|Any CPU.ActiveCfg = Release|Any CPU
		{7E9E9B8A-7C2A-4464-B0ED-3FF1A694185C}.Ad-Hoc|Any CPU.Build.0 = Release|Any CPU
		{7E9E9B8A-7C2A-4464-B0ED-3FF1A694185C}.Ad-Hoc|Any CPU.Deploy.0 = Release|Any CPU
		{7E9E9B8A-7C2A-4464-B0ED-3FF1A694185C}.Ad-Hoc|iPhone.ActiveCfg = Release|Any CPU
		{7E9E9B8A-7C2A-4464-B0ED-3FF1A694185C}.Ad-Hoc|iPhone.Build.0 = Release|Any CPU
		{7E9E9B8A-7C2A-4464-B0ED-3FF1A694185C}.Ad-Hoc|iPhone.Deploy.0 = Release|Any CPU
		{7E9E9B8A-7C2A-4464-B0ED-3FF1A694185C}.Ad-Hoc|iPhoneSimulator.ActiveCfg = Release|Any CPU
		{7E9E9B8A-7C2A-4464-B0ED-3FF1A694185C}.Ad-Hoc|iPhoneSimulator.Build.0 = Release|Any CPU
		{7E9E9B8A-7C2A-4464-B0ED-3FF1A694185C}.Ad-Hoc|iPhoneSimulator.Deploy.0 = Release|Any CPU
		{7E9E9B8A-7C2A-4464-B0ED-3FF1A694185C}.AppStore|Any CPU.ActiveCfg = Release|Any CPU
		{7E9E9B8A-7C2A-4464-B0ED-3FF1A694185C}.AppStore|Any CPU.Build.0 = Release|Any CPU
		{7E9E9B8A-7C2A-4464-B0ED-3FF1A694185C}.AppStore|Any CPU.Deploy.0 = Release|Any CPU
		{7E9E9B8A-7C2A-4464-B0ED-3FF1A694185C}.AppStore|iPhone.ActiveCfg = Release|Any CPU
		{7E9E9B8A-7C2A-4464-B0ED-3FF1A694185C}.AppStore|iPhone.Build.0 = Release|Any CPU
		{7E9E9B8A-7C2A-4464-B0ED-3FF1A694185C}.AppStore|iPhone.Deploy.0 = Release|Any CPU
		{7E9E9B8A-7C2A-4464-B0ED-3FF1A694185C}.AppStore|iPhoneSimulator.ActiveCfg = Release|Any CPU
		{7E9E9B8A-7C2A-4464-B0ED-3FF1A694185C}.AppStore|iPhoneSimulator.Build.0 = Release|Any CPU
		{7E9E9B8A-7C2A-4464-B0ED-3FF1A694185C}.AppStore|iPhoneSimulator.Deploy.0 = Release|Any CPU
		{7E9E9B8A-7C2A-4464-B0ED-3FF1A694185C}.Debug|Any CPU.ActiveCfg = Debug|Any CPU
		{7E9E9B8A-7C2A-4464-B0ED-3FF1A694185C}.Debug|Any CPU.Build.0 = Debug|Any CPU
		{7E9E9B8A-7C2A-4464-B0ED-3FF1A694185C}.Debug|Any CPU.Deploy.0 = Debug|Any CPU
		{7E9E9B8A-7C2A-4464-B0ED-3FF1A694185C}.Debug|iPhone.ActiveCfg = Debug|Any CPU
		{7E9E9B8A-7C2A-4464-B0ED-3FF1A694185C}.Debug|iPhone.Build.0 = Debug|Any CPU
		{7E9E9B8A-7C2A-4464-B0ED-3FF1A694185C}.Debug|iPhone.Deploy.0 = Debug|Any CPU
		{7E9E9B8A-7C2A-4464-B0ED-3FF1A694185C}.Debug|iPhoneSimulator.ActiveCfg = Debug|Any CPU
		{7E9E9B8A-7C2A-4464-B0ED-3FF1A694185C}.Debug|iPhoneSimulator.Build.0 = Debug|Any CPU
		{7E9E9B8A-7C2A-4464-B0ED-3FF1A694185C}.Debug|iPhoneSimulator.Deploy.0 = Debug|Any CPU
		{7E9E9B8A-7C2A-4464-B0ED-3FF1A694185C}.Release|Any CPU.ActiveCfg = Release|Any CPU
		{7E9E9B8A-7C2A-4464-B0ED-3FF1A694185C}.Release|Any CPU.Build.0 = Release|Any CPU
		{7E9E9B8A-7C2A-4464-B0ED-3FF1A694185C}.Release|Any CPU.Deploy.0 = Release|Any CPU
		{7E9E9B8A-7C2A-4464-B0ED-3FF1A694185C}.Release|iPhone.ActiveCfg = Release|Any CPU
		{7E9E9B8A-7C2A-4464-B0ED-3FF1A694185C}.Release|iPhone.Build.0 = Release|Any CPU
		{7E9E9B8A-7C2A-4464-B0ED-3FF1A694185C}.Release|iPhone.Deploy.0 = Release|Any CPU
		{7E9E9B8A-7C2A-4464-B0ED-3FF1A694185C}.Release|iPhoneSimulator.ActiveCfg = Release|Any CPU
		{7E9E9B8A-7C2A-4464-B0ED-3FF1A694185C}.Release|iPhoneSimulator.Build.0 = Release|Any CPU
		{7E9E9B8A-7C2A-4464-B0ED-3FF1A694185C}.Release|iPhoneSimulator.Deploy.0 = Release|Any CPU
		{BA0EC609-95DD-4E1A-8AF8-F68DFD2BC8FD}.Ad-Hoc|Any CPU.ActiveCfg = Ad-Hoc|iPhone
		{BA0EC609-95DD-4E1A-8AF8-F68DFD2BC8FD}.Ad-Hoc|iPhone.ActiveCfg = Ad-Hoc|iPhone
		{BA0EC609-95DD-4E1A-8AF8-F68DFD2BC8FD}.Ad-Hoc|iPhone.Build.0 = Ad-Hoc|iPhone
		{BA0EC609-95DD-4E1A-8AF8-F68DFD2BC8FD}.Ad-Hoc|iPhoneSimulator.ActiveCfg = Ad-Hoc|iPhoneSimulator
		{BA0EC609-95DD-4E1A-8AF8-F68DFD2BC8FD}.Ad-Hoc|iPhoneSimulator.Build.0 = Ad-Hoc|iPhoneSimulator
		{BA0EC609-95DD-4E1A-8AF8-F68DFD2BC8FD}.AppStore|Any CPU.ActiveCfg = AppStore|iPhone
		{BA0EC609-95DD-4E1A-8AF8-F68DFD2BC8FD}.AppStore|iPhone.ActiveCfg = AppStore|iPhone
		{BA0EC609-95DD-4E1A-8AF8-F68DFD2BC8FD}.AppStore|iPhone.Build.0 = AppStore|iPhone
		{BA0EC609-95DD-4E1A-8AF8-F68DFD2BC8FD}.AppStore|iPhoneSimulator.ActiveCfg = AppStore|iPhoneSimulator
		{BA0EC609-95DD-4E1A-8AF8-F68DFD2BC8FD}.AppStore|iPhoneSimulator.Build.0 = AppStore|iPhoneSimulator
		{BA0EC609-95DD-4E1A-8AF8-F68DFD2BC8FD}.Debug|Any CPU.ActiveCfg = Debug|iPhone
		{BA0EC609-95DD-4E1A-8AF8-F68DFD2BC8FD}.Debug|iPhone.ActiveCfg = Debug|iPhone
		{BA0EC609-95DD-4E1A-8AF8-F68DFD2BC8FD}.Debug|iPhone.Build.0 = Debug|iPhone
		{BA0EC609-95DD-4E1A-8AF8-F68DFD2BC8FD}.Debug|iPhoneSimulator.ActiveCfg = Debug|iPhoneSimulator
		{BA0EC609-95DD-4E1A-8AF8-F68DFD2BC8FD}.Debug|iPhoneSimulator.Build.0 = Debug|iPhoneSimulator
		{BA0EC609-95DD-4E1A-8AF8-F68DFD2BC8FD}.Release|Any CPU.ActiveCfg = Release|iPhone
		{BA0EC609-95DD-4E1A-8AF8-F68DFD2BC8FD}.Release|iPhone.ActiveCfg = Release|iPhone
		{BA0EC609-95DD-4E1A-8AF8-F68DFD2BC8FD}.Release|iPhone.Build.0 = Release|iPhone
		{BA0EC609-95DD-4E1A-8AF8-F68DFD2BC8FD}.Release|iPhoneSimulator.ActiveCfg = Release|iPhoneSimulator
		{BA0EC609-95DD-4E1A-8AF8-F68DFD2BC8FD}.Release|iPhoneSimulator.Build.0 = Release|iPhoneSimulator
		{4A187DB5-5F93-4630-AD17-4CCBF86E1D81}.Ad-Hoc|Any CPU.ActiveCfg = Debug|Any CPU
		{4A187DB5-5F93-4630-AD17-4CCBF86E1D81}.Ad-Hoc|Any CPU.Build.0 = Debug|Any CPU
		{4A187DB5-5F93-4630-AD17-4CCBF86E1D81}.Ad-Hoc|iPhone.ActiveCfg = Debug|Any CPU
		{4A187DB5-5F93-4630-AD17-4CCBF86E1D81}.Ad-Hoc|iPhone.Build.0 = Debug|Any CPU
		{4A187DB5-5F93-4630-AD17-4CCBF86E1D81}.Ad-Hoc|iPhoneSimulator.ActiveCfg = Debug|Any CPU
		{4A187DB5-5F93-4630-AD17-4CCBF86E1D81}.Ad-Hoc|iPhoneSimulator.Build.0 = Debug|Any CPU
		{4A187DB5-5F93-4630-AD17-4CCBF86E1D81}.AppStore|Any CPU.ActiveCfg = Debug|Any CPU
		{4A187DB5-5F93-4630-AD17-4CCBF86E1D81}.AppStore|Any CPU.Build.0 = Debug|Any CPU
		{4A187DB5-5F93-4630-AD17-4CCBF86E1D81}.AppStore|iPhone.ActiveCfg = Debug|Any CPU
		{4A187DB5-5F93-4630-AD17-4CCBF86E1D81}.AppStore|iPhone.Build.0 = Debug|Any CPU
		{4A187DB5-5F93-4630-AD17-4CCBF86E1D81}.AppStore|iPhoneSimulator.ActiveCfg = Debug|Any CPU
		{4A187DB5-5F93-4630-AD17-4CCBF86E1D81}.AppStore|iPhoneSimulator.Build.0 = Debug|Any CPU
		{4A187DB5-5F93-4630-AD17-4CCBF86E1D81}.Debug|Any CPU.ActiveCfg = Debug|Any CPU
		{4A187DB5-5F93-4630-AD17-4CCBF86E1D81}.Debug|Any CPU.Build.0 = Debug|Any CPU
		{4A187DB5-5F93-4630-AD17-4CCBF86E1D81}.Debug|iPhone.ActiveCfg = Debug|Any CPU
		{4A187DB5-5F93-4630-AD17-4CCBF86E1D81}.Debug|iPhone.Build.0 = Debug|Any CPU
		{4A187DB5-5F93-4630-AD17-4CCBF86E1D81}.Debug|iPhoneSimulator.ActiveCfg = Debug|Any CPU
		{4A187DB5-5F93-4630-AD17-4CCBF86E1D81}.Debug|iPhoneSimulator.Build.0 = Debug|Any CPU
		{4A187DB5-5F93-4630-AD17-4CCBF86E1D81}.Release|Any CPU.ActiveCfg = Release|Any CPU
		{4A187DB5-5F93-4630-AD17-4CCBF86E1D81}.Release|Any CPU.Build.0 = Release|Any CPU
		{4A187DB5-5F93-4630-AD17-4CCBF86E1D81}.Release|iPhone.ActiveCfg = Release|Any CPU
		{4A187DB5-5F93-4630-AD17-4CCBF86E1D81}.Release|iPhone.Build.0 = Release|Any CPU
		{4A187DB5-5F93-4630-AD17-4CCBF86E1D81}.Release|iPhoneSimulator.ActiveCfg = Release|Any CPU
		{4A187DB5-5F93-4630-AD17-4CCBF86E1D81}.Release|iPhoneSimulator.Build.0 = Release|Any CPU
		{34A1BC50-F946-4DDC-83B9-83FA77647354}.Ad-Hoc|Any CPU.ActiveCfg = Debug|Any CPU
		{34A1BC50-F946-4DDC-83B9-83FA77647354}.Ad-Hoc|Any CPU.Build.0 = Debug|Any CPU
		{34A1BC50-F946-4DDC-83B9-83FA77647354}.Ad-Hoc|iPhone.ActiveCfg = Debug|Any CPU
		{34A1BC50-F946-4DDC-83B9-83FA77647354}.Ad-Hoc|iPhone.Build.0 = Debug|Any CPU
		{34A1BC50-F946-4DDC-83B9-83FA77647354}.Ad-Hoc|iPhoneSimulator.ActiveCfg = Debug|Any CPU
		{34A1BC50-F946-4DDC-83B9-83FA77647354}.Ad-Hoc|iPhoneSimulator.Build.0 = Debug|Any CPU
		{34A1BC50-F946-4DDC-83B9-83FA77647354}.AppStore|Any CPU.ActiveCfg = Debug|Any CPU
		{34A1BC50-F946-4DDC-83B9-83FA77647354}.AppStore|Any CPU.Build.0 = Debug|Any CPU
		{34A1BC50-F946-4DDC-83B9-83FA77647354}.AppStore|iPhone.ActiveCfg = Debug|Any CPU
		{34A1BC50-F946-4DDC-83B9-83FA77647354}.AppStore|iPhone.Build.0 = Debug|Any CPU
		{34A1BC50-F946-4DDC-83B9-83FA77647354}.AppStore|iPhoneSimulator.ActiveCfg = Debug|Any CPU
		{34A1BC50-F946-4DDC-83B9-83FA77647354}.AppStore|iPhoneSimulator.Build.0 = Debug|Any CPU
		{34A1BC50-F946-4DDC-83B9-83FA77647354}.Debug|Any CPU.ActiveCfg = Debug|Any CPU
		{34A1BC50-F946-4DDC-83B9-83FA77647354}.Debug|Any CPU.Build.0 = Debug|Any CPU
		{34A1BC50-F946-4DDC-83B9-83FA77647354}.Debug|iPhone.ActiveCfg = Debug|Any CPU
		{34A1BC50-F946-4DDC-83B9-83FA77647354}.Debug|iPhone.Build.0 = Debug|Any CPU
		{34A1BC50-F946-4DDC-83B9-83FA77647354}.Debug|iPhoneSimulator.ActiveCfg = Debug|Any CPU
		{34A1BC50-F946-4DDC-83B9-83FA77647354}.Debug|iPhoneSimulator.Build.0 = Debug|Any CPU
		{34A1BC50-F946-4DDC-83B9-83FA77647354}.Release|Any CPU.ActiveCfg = Release|Any CPU
		{34A1BC50-F946-4DDC-83B9-83FA77647354}.Release|Any CPU.Build.0 = Release|Any CPU
		{34A1BC50-F946-4DDC-83B9-83FA77647354}.Release|iPhone.ActiveCfg = Release|Any CPU
		{34A1BC50-F946-4DDC-83B9-83FA77647354}.Release|iPhone.Build.0 = Release|Any CPU
		{34A1BC50-F946-4DDC-83B9-83FA77647354}.Release|iPhoneSimulator.ActiveCfg = Release|Any CPU
		{34A1BC50-F946-4DDC-83B9-83FA77647354}.Release|iPhoneSimulator.Build.0 = Release|Any CPU
		{335EE604-339D-4B0B-9BDA-E1032DD8EB70}.Ad-Hoc|Any CPU.ActiveCfg = Debug|Any CPU
		{335EE604-339D-4B0B-9BDA-E1032DD8EB70}.Ad-Hoc|Any CPU.Build.0 = Debug|Any CPU
		{335EE604-339D-4B0B-9BDA-E1032DD8EB70}.Ad-Hoc|iPhone.ActiveCfg = Debug|Any CPU
		{335EE604-339D-4B0B-9BDA-E1032DD8EB70}.Ad-Hoc|iPhone.Build.0 = Debug|Any CPU
		{335EE604-339D-4B0B-9BDA-E1032DD8EB70}.Ad-Hoc|iPhoneSimulator.ActiveCfg = Debug|Any CPU
		{335EE604-339D-4B0B-9BDA-E1032DD8EB70}.Ad-Hoc|iPhoneSimulator.Build.0 = Debug|Any CPU
		{335EE604-339D-4B0B-9BDA-E1032DD8EB70}.AppStore|Any CPU.ActiveCfg = Debug|Any CPU
		{335EE604-339D-4B0B-9BDA-E1032DD8EB70}.AppStore|Any CPU.Build.0 = Debug|Any CPU
		{335EE604-339D-4B0B-9BDA-E1032DD8EB70}.AppStore|iPhone.ActiveCfg = Debug|Any CPU
		{335EE604-339D-4B0B-9BDA-E1032DD8EB70}.AppStore|iPhone.Build.0 = Debug|Any CPU
		{335EE604-339D-4B0B-9BDA-E1032DD8EB70}.AppStore|iPhoneSimulator.ActiveCfg = Debug|Any CPU
		{335EE604-339D-4B0B-9BDA-E1032DD8EB70}.AppStore|iPhoneSimulator.Build.0 = Debug|Any CPU
		{335EE604-339D-4B0B-9BDA-E1032DD8EB70}.Debug|Any CPU.ActiveCfg = Debug|Any CPU
		{335EE604-339D-4B0B-9BDA-E1032DD8EB70}.Debug|Any CPU.Build.0 = Debug|Any CPU
		{335EE604-339D-4B0B-9BDA-E1032DD8EB70}.Debug|iPhone.ActiveCfg = Debug|Any CPU
		{335EE604-339D-4B0B-9BDA-E1032DD8EB70}.Debug|iPhone.Build.0 = Debug|Any CPU
		{335EE604-339D-4B0B-9BDA-E1032DD8EB70}.Debug|iPhoneSimulator.ActiveCfg = Debug|Any CPU
		{335EE604-339D-4B0B-9BDA-E1032DD8EB70}.Debug|iPhoneSimulator.Build.0 = Debug|Any CPU
		{335EE604-339D-4B0B-9BDA-E1032DD8EB70}.Release|Any CPU.ActiveCfg = Release|Any CPU
		{335EE604-339D-4B0B-9BDA-E1032DD8EB70}.Release|Any CPU.Build.0 = Release|Any CPU
		{335EE604-339D-4B0B-9BDA-E1032DD8EB70}.Release|iPhone.ActiveCfg = Release|Any CPU
		{335EE604-339D-4B0B-9BDA-E1032DD8EB70}.Release|iPhone.Build.0 = Release|Any CPU
		{335EE604-339D-4B0B-9BDA-E1032DD8EB70}.Release|iPhoneSimulator.ActiveCfg = Release|Any CPU
		{335EE604-339D-4B0B-9BDA-E1032DD8EB70}.Release|iPhoneSimulator.Build.0 = Release|Any CPU
	EndGlobalSection
	GlobalSection(SolutionProperties) = preSolution
		HideSolutionNode = FALSE
	EndGlobalSection
	GlobalSection(ExtensibilityGlobals) = postSolution
		SolutionGuid = {E0D1F592-0E76-454B-AF33-B4BBD6F053B6}
	EndGlobalSection
EndGlobal
