
Microsoft Visual Studio Solution File, Format Version 12.00
# Visual Studio Version 17
VisualStudioVersion = 17.0.31612.314
MinimumVisualStudioVersion = 10.0.40219.1
Project("{9A19103F-16F7-4668-BE54-9A1E7A4F7556}") = "SmartDI", "SmartDI.csproj", "{EF7AEAB1-B14F-4061-B4CF-04BD291EBE15}"
EndProject
Global
	GlobalSection(SolutionConfigurationPlatforms) = preSolution
		Debug|Any CPU = Debug|Any CPU
		Release|Any CPU = Release|Any CPU
	EndGlobalSection
	GlobalSection(ProjectConfigurationPlatforms) = postSolution
		{EF7AEAB1-B14F-4061-B4CF-04BD291EBE15}.Debug|Any CPU.ActiveCfg = Debug|Any CPU
		{EF7AEAB1-B14F-4061-B4CF-04BD291EBE15}.Debug|Any CPU.Build.0 = Debug|Any CPU
		{EF7AEAB1-B14F-4061-B4CF-04BD291EBE15}.Release|Any CPU.ActiveCfg = Release|Any CPU
		{EF7AEAB1-B14F-4061-B4CF-04BD291EBE15}.Release|Any CPU.Build.0 = Release|Any CPU
	EndGlobalSection
	GlobalSection(SolutionProperties) = preSolution
		HideSolutionNode = FALSE
	EndGlobalSection
	GlobalSection(ExtensibilityGlobals) = postSolution
		SolutionGuid = {E0D1F592-0E76-454B-AF33-B4BBD6F053B6}
	EndGlobalSection
EndGlobal
